
Microsoft Visual Studio Solution File, Format Version 12.00
# Visual Studio Version 17
VisualStudioVersion = 17.5.002.0
MinimumVisualStudioVersion = 10.0.40219.1
Project("{9A19103F-16F7-4668-BE54-9A1E7A4F7556}") = "SqliteMCP", "SqliteMCP.csproj", "{6ACAC1AE-243C-42EF-B002-89CADC6F9732}"
EndProject
Global
	GlobalSection(SolutionConfigurationPlatforms) = preSolution
		Debug|Any CPU = Debug|Any CPU
		Release|Any CPU = Release|Any CPU
	EndGlobalSection
	GlobalSection(ProjectConfigurationPlatforms) = postSolution
		{6ACAC1AE-243C-42EF-B002-89CADC6F9732}.Debug|Any CPU.ActiveCfg = Debug|Any CPU
		{6ACAC1AE-243C-42EF-B002-89CADC6F9732}.Debug|Any CPU.Build.0 = Debug|Any CPU
		{6ACAC1AE-243C-42EF-B002-89CADC6F9732}.Release|Any CPU.ActiveCfg = Release|Any CPU
		{6ACAC1AE-243C-42EF-B002-89CADC6F9732}.Release|Any CPU.Build.0 = Release|Any CPU
	EndGlobalSection
	GlobalSection(SolutionProperties) = preSolution
		HideSolutionNode = FALSE
	EndGlobalSection
	GlobalSection(ExtensibilityGlobals) = postSolution
		SolutionGuid = {EC804028-F405-409E-B218-7CE7E95D1FB4}
	EndGlobalSection
EndGlobal
